
Microsoft Visual Studio Solution File, Format Version 12.00
Project("{FAE04EC0-301F-11D3-BF4B-00C04F79EFBC}") = "Twino.Extensions.Data", "Twino.Extensions.Data\Twino.Extensions.Data.csproj", "{F1916A81-2F4D-4946-A7C5-8C8942260582}"
EndProject
Project("{FAE04EC0-301F-11D3-BF4B-00C04F79EFBC}") = "Twino.Extensions.Http", "Twino.Extensions.Http\Twino.Extensions.Http.csproj", "{75F06824-689D-4D6E-BB43-400EA286CCA0}"
EndProject
Project("{2150E333-8FDC-42A3-9474-1A3956D46DE8}") = "Samples", "Samples", "{13E2D6DA-3DF8-4CFD-B34C-6E566D1BDC29}"
EndProject
Project("{FAE04EC0-301F-11D3-BF4B-00C04F79EFBC}") = "Sample.Data", "Samples\Sample.Data\Sample.Data.csproj", "{A66E24D1-F015-4F0C-B37F-95C443FF0A67}"
EndProject
Project("{FAE04EC0-301F-11D3-BF4B-00C04F79EFBC}") = "Sample.Http", "Samples\Sample.Http\Sample.Http.csproj", "{989F75F2-6E36-434D-9720-0A27EB2CAB41}"
EndProject
Project("{FAE04EC0-301F-11D3-BF4B-00C04F79EFBC}") = "Twino.Extensions.Bus", "Twino.Extensions.Bus\Twino.Extensions.Bus.csproj", "{A44A6338-B57C-4830-83DE-F5C36C3746B3}"
EndProject
Project("{FAE04EC0-301F-11D3-BF4B-00C04F79EFBC}") = "Sample.ConsumerFactory", "Samples\Sample.ConsumerFactory\Sample.ConsumerFactory.csproj", "{ADA16EF6-757A-4C93-9B51-FF9DD03F20D7}"
EndProject
Global
	GlobalSection(SolutionConfigurationPlatforms) = preSolution
		Debug|Any CPU = Debug|Any CPU
		Release|Any CPU = Release|Any CPU
	EndGlobalSection
	GlobalSection(ProjectConfigurationPlatforms) = postSolution
		{F1916A81-2F4D-4946-A7C5-8C8942260582}.Debug|Any CPU.ActiveCfg = Debug|Any CPU
		{F1916A81-2F4D-4946-A7C5-8C8942260582}.Debug|Any CPU.Build.0 = Debug|Any CPU
		{F1916A81-2F4D-4946-A7C5-8C8942260582}.Release|Any CPU.ActiveCfg = Release|Any CPU
		{F1916A81-2F4D-4946-A7C5-8C8942260582}.Release|Any CPU.Build.0 = Release|Any CPU
		{75F06824-689D-4D6E-BB43-400EA286CCA0}.Debug|Any CPU.ActiveCfg = Debug|Any CPU
		{75F06824-689D-4D6E-BB43-400EA286CCA0}.Debug|Any CPU.Build.0 = Debug|Any CPU
		{75F06824-689D-4D6E-BB43-400EA286CCA0}.Release|Any CPU.ActiveCfg = Release|Any CPU
		{75F06824-689D-4D6E-BB43-400EA286CCA0}.Release|Any CPU.Build.0 = Release|Any CPU
		{A66E24D1-F015-4F0C-B37F-95C443FF0A67}.Debug|Any CPU.ActiveCfg = Debug|Any CPU
		{A66E24D1-F015-4F0C-B37F-95C443FF0A67}.Debug|Any CPU.Build.0 = Debug|Any CPU
		{A66E24D1-F015-4F0C-B37F-95C443FF0A67}.Release|Any CPU.ActiveCfg = Release|Any CPU
		{A66E24D1-F015-4F0C-B37F-95C443FF0A67}.Release|Any CPU.Build.0 = Release|Any CPU
		{989F75F2-6E36-434D-9720-0A27EB2CAB41}.Debug|Any CPU.ActiveCfg = Debug|Any CPU
		{989F75F2-6E36-434D-9720-0A27EB2CAB41}.Debug|Any CPU.Build.0 = Debug|Any CPU
		{989F75F2-6E36-434D-9720-0A27EB2CAB41}.Release|Any CPU.ActiveCfg = Release|Any CPU
		{989F75F2-6E36-434D-9720-0A27EB2CAB41}.Release|Any CPU.Build.0 = Release|Any CPU
		{A44A6338-B57C-4830-83DE-F5C36C3746B3}.Debug|Any CPU.ActiveCfg = Debug|Any CPU
		{A44A6338-B57C-4830-83DE-F5C36C3746B3}.Debug|Any CPU.Build.0 = Debug|Any CPU
		{A44A6338-B57C-4830-83DE-F5C36C3746B3}.Release|Any CPU.ActiveCfg = Release|Any CPU
		{A44A6338-B57C-4830-83DE-F5C36C3746B3}.Release|Any CPU.Build.0 = Release|Any CPU
		{ADA16EF6-757A-4C93-9B51-FF9DD03F20D7}.Debug|Any CPU.ActiveCfg = Debug|Any CPU
		{ADA16EF6-757A-4C93-9B51-FF9DD03F20D7}.Debug|Any CPU.Build.0 = Debug|Any CPU
		{ADA16EF6-757A-4C93-9B51-FF9DD03F20D7}.Release|Any CPU.ActiveCfg = Release|Any CPU
		{ADA16EF6-757A-4C93-9B51-FF9DD03F20D7}.Release|Any CPU.Build.0 = Release|Any CPU
	EndGlobalSection
	GlobalSection(NestedProjects) = preSolution
		{A66E24D1-F015-4F0C-B37F-95C443FF0A67} = {13E2D6DA-3DF8-4CFD-B34C-6E566D1BDC29}
		{989F75F2-6E36-434D-9720-0A27EB2CAB41} = {13E2D6DA-3DF8-4CFD-B34C-6E566D1BDC29}
		{ADA16EF6-757A-4C93-9B51-FF9DD03F20D7} = {13E2D6DA-3DF8-4CFD-B34C-6E566D1BDC29}
	EndGlobalSection
EndGlobal
